
Microsoft Visual Studio Solution File, Format Version 12.00
# Visual Studio Version 17
VisualStudioVersion = 17.13.35825.156
MinimumVisualStudioVersion = 10.0.40219.1
Project("{FAE04EC0-301F-11D3-BF4B-00C04F79EFBC}") = "Data", "Data\Data.csproj", "{EE21EC39-86F3-42E1-9006-12A758EED73D}"
EndProject
Project("{FAE04EC0-301F-11D3-BF4B-00C04F79EFBC}") = "Logic", "Logic\Logic.csproj", "{5D64ECF4-57E6-4DAC-8F71-8D1FE8EBA859}"
	ProjectSection(ProjectDependencies) = postProject
		{EE21EC39-86F3-42E1-9006-12A758EED73D} = {EE21EC39-86F3-42E1-9006-12A758EED73D}
	EndProjectSection
EndProject
Project("{FAE04EC0-301F-11D3-BF4B-00C04F79EFBC}") = "Presentation", "Presentation\Presentation.csproj", "{3CE4DF4C-7CC3-497A-A66C-210BD97B9152}"
	ProjectSection(ProjectDependencies) = postProject
		{5D64ECF4-57E6-4DAC-8F71-8D1FE8EBA859} = {5D64ECF4-57E6-4DAC-8F71-8D1FE8EBA859}
	EndProjectSection
EndProject
Project("{FAE04EC0-301F-11D3-BF4B-00C04F79EFBC}") = "DataTest", "Tester\DataTest.csproj", "{8F81027D-83EF-42A3-8456-76428392D986}"
EndProject
Project("{FAE04EC0-301F-11D3-BF4B-00C04F79EFBC}") = "PresentationTest", "PresentationTest\PresentationTest.csproj", "{36055393-2EB9-4744-AE62-6DCA37516693}"
EndProject
Global
	GlobalSection(SolutionConfigurationPlatforms) = preSolution
		Debug|Any CPU = Debug|Any CPU
		Release|Any CPU = Release|Any CPU
	EndGlobalSection
	GlobalSection(ProjectConfigurationPlatforms) = postSolution
		{EE21EC39-86F3-42E1-9006-12A758EED73D}.Debug|Any CPU.ActiveCfg = Debug|Any CPU
		{EE21EC39-86F3-42E1-9006-12A758EED73D}.Debug|Any CPU.Build.0 = Debug|Any CPU
		{EE21EC39-86F3-42E1-9006-12A758EED73D}.Release|Any CPU.ActiveCfg = Release|Any CPU
		{EE21EC39-86F3-42E1-9006-12A758EED73D}.Release|Any CPU.Build.0 = Release|Any CPU
		{5D64ECF4-57E6-4DAC-8F71-8D1FE8EBA859}.Debug|Any CPU.ActiveCfg = Debug|Any CPU
		{5D64ECF4-57E6-4DAC-8F71-8D1FE8EBA859}.Debug|Any CPU.Build.0 = Debug|Any CPU
		{5D64ECF4-57E6-4DAC-8F71-8D1FE8EBA859}.Release|Any CPU.ActiveCfg = Release|Any CPU
		{5D64ECF4-57E6-4DAC-8F71-8D1FE8EBA859}.Release|Any CPU.Build.0 = Release|Any CPU
		{3CE4DF4C-7CC3-497A-A66C-210BD97B9152}.Debug|Any CPU.ActiveCfg = Debug|Any CPU
		{3CE4DF4C-7CC3-497A-A66C-210BD97B9152}.Debug|Any CPU.Build.0 = Debug|Any CPU
		{3CE4DF4C-7CC3-497A-A66C-210BD97B9152}.Release|Any CPU.ActiveCfg = Release|Any CPU
		{3CE4DF4C-7CC3-497A-A66C-210BD97B9152}.Release|Any CPU.Build.0 = Release|Any CPU
		{8F81027D-83EF-42A3-8456-76428392D986}.Debug|Any CPU.ActiveCfg = Debug|Any CPU
		{8F81027D-83EF-42A3-8456-76428392D986}.Debug|Any CPU.Build.0 = Debug|Any CPU
		{8F81027D-83EF-42A3-8456-76428392D986}.Release|Any CPU.ActiveCfg = Release|Any CPU
		{8F81027D-83EF-42A3-8456-76428392D986}.Release|Any CPU.Build.0 = Release|Any CPU
		{36055393-2EB9-4744-AE62-6DCA37516693}.Debug|Any CPU.ActiveCfg = Debug|Any CPU
		{36055393-2EB9-4744-AE62-6DCA37516693}.Debug|Any CPU.Build.0 = Debug|Any CPU
		{36055393-2EB9-4744-AE62-6DCA37516693}.Release|Any CPU.ActiveCfg = Release|Any CPU
		{36055393-2EB9-4744-AE62-6DCA37516693}.Release|Any CPU.Build.0 = Release|Any CPU
	EndGlobalSection
	GlobalSection(SolutionProperties) = preSolution
		HideSolutionNode = FALSE
	EndGlobalSection
	GlobalSection(ExtensibilityGlobals) = postSolution
		SolutionGuid = {ED762873-ED60-4FCC-9C22-190FDED6A3F1}
	EndGlobalSection
EndGlobal
